
Microsoft Visual Studio Solution File, Format Version 12.00
# Visual Studio Version 17
VisualStudioVersion = 17.13.35919.96
MinimumVisualStudioVersion = 10.0.40219.1
Project("{FAE04EC0-301F-11D3-BF4B-00C04F79EFBC}") = "StartupController", "StartupController\StartupController.csproj", "{BC6B70AF-4FC0-439B-8DC3-B9599F1B3554}"
EndProject
Project("{2150E333-8FDC-42A3-9474-1A3956D46DE8}") = "Solution Items", "Solution Items", "{02EA681E-C7D8-13C7-8484-4AC65E1B71E8}"
	ProjectSection(SolutionItems) = preProject
		.editorconfig = .editorconfig
	EndProjectSection
EndProject
Project("{54435603-DBB4-11D2-8724-00A0C9A8B90C}") = "SetupStartupController", "SetupStartupController\SetupStartupController.vdproj", "{513D0C47-3161-09E8-8758-55455E24C8EC}"
EndProject
Global
	GlobalSection(SolutionConfigurationPlatforms) = preSolution
		Debug|Any CPU = Debug|Any CPU
		Release|Any CPU = Release|Any CPU
	EndGlobalSection
	GlobalSection(ProjectConfigurationPlatforms) = postSolution
		{BC6B70AF-4FC0-439B-8DC3-B9599F1B3554}.Debug|Any CPU.ActiveCfg = Debug|Any CPU
		{BC6B70AF-4FC0-439B-8DC3-B9599F1B3554}.Debug|Any CPU.Build.0 = Debug|Any CPU
		{BC6B70AF-4FC0-439B-8DC3-B9599F1B3554}.Release|Any CPU.ActiveCfg = Release|Any CPU
		{BC6B70AF-4FC0-439B-8DC3-B9599F1B3554}.Release|Any CPU.Build.0 = Release|Any CPU
		{513D0C47-3161-09E8-8758-55455E24C8EC}.Debug|Any CPU.ActiveCfg = Debug
		{513D0C47-3161-09E8-8758-55455E24C8EC}.Release|Any CPU.ActiveCfg = Release
	EndGlobalSection
	GlobalSection(SolutionProperties) = preSolution
		HideSolutionNode = FALSE
	EndGlobalSection
	GlobalSection(ExtensibilityGlobals) = postSolution
		SolutionGuid = {5D713BB3-8427-43F8-AC20-EC6FE579A925}
	EndGlobalSection
EndGlobal
